
Microsoft Visual Studio Solution File, Format Version 12.00
# Visual Studio Version 17
VisualStudioVersion = 17.5.33530.505
MinimumVisualStudioVersion = 10.0.40219.1
Project("{FAE04EC0-301F-11D3-BF4B-00C04F79EFBC}") = "winda1", "winda1.csproj", "{3F1EF0DF-7C4E-4449-945C-ACFB3E98C9D9}"
EndProject
Global
	GlobalSection(SolutionConfigurationPlatforms) = preSolution
		Debug|Any CPU = Debug|Any CPU
		Release|Any CPU = Release|Any CPU
	EndGlobalSection
	GlobalSection(ProjectConfigurationPlatforms) = postSolution
		{3F1EF0DF-7C4E-4449-945C-ACFB3E98C9D9}.Debug|Any CPU.ActiveCfg = Debug|Any CPU
		{3F1EF0DF-7C4E-4449-945C-ACFB3E98C9D9}.Debug|Any CPU.Build.0 = Debug|Any CPU
		{3F1EF0DF-7C4E-4449-945C-ACFB3E98C9D9}.Release|Any CPU.ActiveCfg = Release|Any CPU
		{3F1EF0DF-7C4E-4449-945C-ACFB3E98C9D9}.Release|Any CPU.Build.0 = Release|Any CPU
	EndGlobalSection
	GlobalSection(SolutionProperties) = preSolution
		HideSolutionNode = FALSE
	EndGlobalSection
	GlobalSection(ExtensibilityGlobals) = postSolution
		SolutionGuid = {4B70BA1A-339E-4F35-9C03-8C6C2B5ACEE5}
	EndGlobalSection
EndGlobal
